
Microsoft Visual Studio Solution File, Format Version 12.00
# Visual Studio 15
VisualStudioVersion = 15.0.27004.2002
MinimumVisualStudioVersion = 10.0.40219.1
Project("{8BC9CEB8-8B4A-11D0-8D11-00A0C91BC942}") = "TINY3D", "TINY3D\TINY3D.vcxproj", "{ABA63FA9-1209-4E19-92DF-A2177797413E}"
EndProject
Global
	GlobalSection(SolutionConfigurationPlatforms) = preSolution
		Debug|x64 = Debug|x64
		Debug|x86 = Debug|x86
		Release|x64 = Release|x64
		Release|x86 = Release|x86
	EndGlobalSection
	GlobalSection(ProjectConfigurationPlatforms) = postSolution
		{ABA63FA9-1209-4E19-92DF-A2177797413E}.Debug|x64.ActiveCfg = Debug|x64
		{ABA63FA9-1209-4E19-92DF-A2177797413E}.Debug|x64.Build.0 = Debug|x64
		{ABA63FA9-1209-4E19-92DF-A2177797413E}.Debug|x86.ActiveCfg = Debug|Win32
		{ABA63FA9-1209-4E19-92DF-A2177797413E}.Debug|x86.Build.0 = Debug|Win32
		{ABA63FA9-1209-4E19-92DF-A2177797413E}.Release|x64.ActiveCfg = Release|x64
		{ABA63FA9-1209-4E19-92DF-A2177797413E}.Release|x64.Build.0 = Release|x64
		{ABA63FA9-1209-4E19-92DF-A2177797413E}.Release|x86.ActiveCfg = Release|Win32
		{ABA63FA9-1209-4E19-92DF-A2177797413E}.Release|x86.Build.0 = Release|Win32
	EndGlobalSection
	GlobalSection(SolutionProperties) = preSolution
		HideSolutionNode = FALSE
	EndGlobalSection
	GlobalSection(ExtensibilityGlobals) = postSolution
		SolutionGuid = {A5DF3851-DC8A-44EB-A0D0-C722B27F413A}
	EndGlobalSection
EndGlobal
